
Microsoft Visual Studio Solution File, Format Version 11.00
# Visual Studio 2010
Project("{FAE04EC0-301F-11D3-BF4B-00C04F79EFBC}") = "KScript", "KScript\KScript.csproj", "{AB8FDB31-80AE-4D7E-9EA2-5283D3E5BEAD}"
EndProject
Project("{FAE04EC0-301F-11D3-BF4B-00C04F79EFBC}") = "TestConsole", "TestConsole\TestConsole.csproj", "{6F9D0B7F-8743-41DE-A002-E2DF146DF5BD}"
EndProject
Project("{2150E333-8FDC-42A3-9474-1A3956D46DE8}") = "Documentation", "Documentation", "{843445C0-283E-45F1-9021-F1F5C88922ED}"
	ProjectSection(SolutionItems) = preProject
		Assembly Language.txt = Assembly Language.txt
		CPU Specifications.txt = CPU Specifications.txt
		Instructions.txt = Instructions.txt
		RAM.txt = RAM.txt
		VideoDevice.txt = VideoDevice.txt
	EndProjectSection
EndProject
Project("{FAE04EC0-301F-11D3-BF4B-00C04F79EFBC}") = "VirtualMachine", "VirtualMachine\VirtualMachine.csproj", "{D82A6C88-3CB3-4D37-A65F-A87845C483A8}"
EndProject
Project("{FAE04EC0-301F-11D3-BF4B-00C04F79EFBC}") = "MicroLibrary", "MicroLibrary\MicroLibrary.csproj", "{E0D489FB-6632-4175-90E7-E6ACF15C5440}"
EndProject
Project("{2150E333-8FDC-42A3-9474-1A3956D46DE8}") = "Compilers", "Compilers", "{E410D851-0897-4984-98FF-70F693B25D71}"
EndProject
Project("{FAE04EC0-301F-11D3-BF4B-00C04F79EFBC}") = "Assembler", "Assembler\Assembler.csproj", "{C737C0EA-F4EC-4517-AB6E-5B86E3CA7800}"
EndProject
Project("{FAE04EC0-301F-11D3-BF4B-00C04F79EFBC}") = "Compiler", "Compiler\Compiler.csproj", "{B490C53A-0466-400E-9293-1CDA2D5E2707}"
EndProject
Global
	GlobalSection(SolutionConfigurationPlatforms) = preSolution
		Debug|Any CPU = Debug|Any CPU
		Debug|Mixed Platforms = Debug|Mixed Platforms
		Debug|x86 = Debug|x86
		Release|Any CPU = Release|Any CPU
		Release|Mixed Platforms = Release|Mixed Platforms
		Release|x86 = Release|x86
	EndGlobalSection
	GlobalSection(ProjectConfigurationPlatforms) = postSolution
		{AB8FDB31-80AE-4D7E-9EA2-5283D3E5BEAD}.Debug|Any CPU.ActiveCfg = Debug|Any CPU
		{AB8FDB31-80AE-4D7E-9EA2-5283D3E5BEAD}.Debug|Any CPU.Build.0 = Debug|Any CPU
		{AB8FDB31-80AE-4D7E-9EA2-5283D3E5BEAD}.Debug|Mixed Platforms.ActiveCfg = Debug|Any CPU
		{AB8FDB31-80AE-4D7E-9EA2-5283D3E5BEAD}.Debug|Mixed Platforms.Build.0 = Debug|Any CPU
		{AB8FDB31-80AE-4D7E-9EA2-5283D3E5BEAD}.Debug|x86.ActiveCfg = Debug|Any CPU
		{AB8FDB31-80AE-4D7E-9EA2-5283D3E5BEAD}.Release|Any CPU.ActiveCfg = Release|Any CPU
		{AB8FDB31-80AE-4D7E-9EA2-5283D3E5BEAD}.Release|Any CPU.Build.0 = Release|Any CPU
		{AB8FDB31-80AE-4D7E-9EA2-5283D3E5BEAD}.Release|Mixed Platforms.ActiveCfg = Release|Any CPU
		{AB8FDB31-80AE-4D7E-9EA2-5283D3E5BEAD}.Release|Mixed Platforms.Build.0 = Release|Any CPU
		{AB8FDB31-80AE-4D7E-9EA2-5283D3E5BEAD}.Release|x86.ActiveCfg = Release|Any CPU
		{6F9D0B7F-8743-41DE-A002-E2DF146DF5BD}.Debug|Any CPU.ActiveCfg = Debug|x86
		{6F9D0B7F-8743-41DE-A002-E2DF146DF5BD}.Debug|Mixed Platforms.ActiveCfg = Debug|x86
		{6F9D0B7F-8743-41DE-A002-E2DF146DF5BD}.Debug|Mixed Platforms.Build.0 = Debug|x86
		{6F9D0B7F-8743-41DE-A002-E2DF146DF5BD}.Debug|x86.ActiveCfg = Debug|x86
		{6F9D0B7F-8743-41DE-A002-E2DF146DF5BD}.Debug|x86.Build.0 = Debug|x86
		{6F9D0B7F-8743-41DE-A002-E2DF146DF5BD}.Release|Any CPU.ActiveCfg = Release|x86
		{6F9D0B7F-8743-41DE-A002-E2DF146DF5BD}.Release|Mixed Platforms.ActiveCfg = Release|x86
		{6F9D0B7F-8743-41DE-A002-E2DF146DF5BD}.Release|Mixed Platforms.Build.0 = Release|x86
		{6F9D0B7F-8743-41DE-A002-E2DF146DF5BD}.Release|x86.ActiveCfg = Release|x86
		{6F9D0B7F-8743-41DE-A002-E2DF146DF5BD}.Release|x86.Build.0 = Release|x86
		{D82A6C88-3CB3-4D37-A65F-A87845C483A8}.Debug|Any CPU.ActiveCfg = Debug|x86
		{D82A6C88-3CB3-4D37-A65F-A87845C483A8}.Debug|Mixed Platforms.ActiveCfg = Debug|x86
		{D82A6C88-3CB3-4D37-A65F-A87845C483A8}.Debug|Mixed Platforms.Build.0 = Debug|x86
		{D82A6C88-3CB3-4D37-A65F-A87845C483A8}.Debug|x86.ActiveCfg = Debug|x86
		{D82A6C88-3CB3-4D37-A65F-A87845C483A8}.Debug|x86.Build.0 = Debug|x86
		{D82A6C88-3CB3-4D37-A65F-A87845C483A8}.Release|Any CPU.ActiveCfg = Release|x86
		{D82A6C88-3CB3-4D37-A65F-A87845C483A8}.Release|Mixed Platforms.ActiveCfg = Release|x86
		{D82A6C88-3CB3-4D37-A65F-A87845C483A8}.Release|Mixed Platforms.Build.0 = Release|x86
		{D82A6C88-3CB3-4D37-A65F-A87845C483A8}.Release|x86.ActiveCfg = Release|x86
		{D82A6C88-3CB3-4D37-A65F-A87845C483A8}.Release|x86.Build.0 = Release|x86
		{E0D489FB-6632-4175-90E7-E6ACF15C5440}.Debug|Any CPU.ActiveCfg = Debug|Any CPU
		{E0D489FB-6632-4175-90E7-E6ACF15C5440}.Debug|Any CPU.Build.0 = Debug|Any CPU
		{E0D489FB-6632-4175-90E7-E6ACF15C5440}.Debug|Mixed Platforms.ActiveCfg = Debug|Any CPU
		{E0D489FB-6632-4175-90E7-E6ACF15C5440}.Debug|Mixed Platforms.Build.0 = Debug|Any CPU
		{E0D489FB-6632-4175-90E7-E6ACF15C5440}.Debug|x86.ActiveCfg = Debug|Any CPU
		{E0D489FB-6632-4175-90E7-E6ACF15C5440}.Release|Any CPU.ActiveCfg = Release|Any CPU
		{E0D489FB-6632-4175-90E7-E6ACF15C5440}.Release|Any CPU.Build.0 = Release|Any CPU
		{E0D489FB-6632-4175-90E7-E6ACF15C5440}.Release|Mixed Platforms.ActiveCfg = Release|Any CPU
		{E0D489FB-6632-4175-90E7-E6ACF15C5440}.Release|Mixed Platforms.Build.0 = Release|Any CPU
		{E0D489FB-6632-4175-90E7-E6ACF15C5440}.Release|x86.ActiveCfg = Release|Any CPU
		{C737C0EA-F4EC-4517-AB6E-5B86E3CA7800}.Debug|Any CPU.ActiveCfg = Debug|x86
		{C737C0EA-F4EC-4517-AB6E-5B86E3CA7800}.Debug|Mixed Platforms.ActiveCfg = Debug|x86
		{C737C0EA-F4EC-4517-AB6E-5B86E3CA7800}.Debug|Mixed Platforms.Build.0 = Debug|x86
		{C737C0EA-F4EC-4517-AB6E-5B86E3CA7800}.Debug|x86.ActiveCfg = Debug|x86
		{C737C0EA-F4EC-4517-AB6E-5B86E3CA7800}.Debug|x86.Build.0 = Debug|x86
		{C737C0EA-F4EC-4517-AB6E-5B86E3CA7800}.Release|Any CPU.ActiveCfg = Release|x86
		{C737C0EA-F4EC-4517-AB6E-5B86E3CA7800}.Release|Mixed Platforms.ActiveCfg = Release|x86
		{C737C0EA-F4EC-4517-AB6E-5B86E3CA7800}.Release|Mixed Platforms.Build.0 = Release|x86
		{C737C0EA-F4EC-4517-AB6E-5B86E3CA7800}.Release|x86.ActiveCfg = Release|x86
		{C737C0EA-F4EC-4517-AB6E-5B86E3CA7800}.Release|x86.Build.0 = Release|x86
		{B490C53A-0466-400E-9293-1CDA2D5E2707}.Debug|Any CPU.ActiveCfg = Debug|x86
		{B490C53A-0466-400E-9293-1CDA2D5E2707}.Debug|Mixed Platforms.ActiveCfg = Debug|x86
		{B490C53A-0466-400E-9293-1CDA2D5E2707}.Debug|Mixed Platforms.Build.0 = Debug|x86
		{B490C53A-0466-400E-9293-1CDA2D5E2707}.Debug|x86.ActiveCfg = Debug|x86
		{B490C53A-0466-400E-9293-1CDA2D5E2707}.Debug|x86.Build.0 = Debug|x86
		{B490C53A-0466-400E-9293-1CDA2D5E2707}.Release|Any CPU.ActiveCfg = Release|x86
		{B490C53A-0466-400E-9293-1CDA2D5E2707}.Release|Mixed Platforms.ActiveCfg = Release|x86
		{B490C53A-0466-400E-9293-1CDA2D5E2707}.Release|Mixed Platforms.Build.0 = Release|x86
		{B490C53A-0466-400E-9293-1CDA2D5E2707}.Release|x86.ActiveCfg = Release|x86
		{B490C53A-0466-400E-9293-1CDA2D5E2707}.Release|x86.Build.0 = Release|x86
	EndGlobalSection
	GlobalSection(SolutionProperties) = preSolution
		HideSolutionNode = FALSE
	EndGlobalSection
	GlobalSection(NestedProjects) = preSolution
		{C737C0EA-F4EC-4517-AB6E-5B86E3CA7800} = {E410D851-0897-4984-98FF-70F693B25D71}
		{B490C53A-0466-400E-9293-1CDA2D5E2707} = {E410D851-0897-4984-98FF-70F693B25D71}
	EndGlobalSection
EndGlobal
